
Microsoft Visual Studio Solution File, Format Version 12.00
# Visual Studio Version 16
VisualStudioVersion = 16.0.31729.503
MinimumVisualStudioVersion = 10.0.40219.1
Project("{9A19103F-16F7-4668-BE54-9A1E7A4F7556}") = "DotNetCoreSqlDb", "DotNetCoreSqlDb.csproj", "{6C06B35A-360B-4BFC-B248-3765CD774963}"
EndProject
Global
	GlobalSection(SolutionConfigurationPlatforms) = preSolution
		Debug|Any CPU = Debug|Any CPU
		Release|Any CPU = Release|Any CPU
	EndGlobalSection
	GlobalSection(ProjectConfigurationPlatforms) = postSolution
		{6C06B35A-360B-4BFC-B248-3765CD774963}.Debug|Any CPU.ActiveCfg = Debug|Any CPU
		{6C06B35A-360B-4BFC-B248-3765CD774963}.Debug|Any CPU.Build.0 = Debug|Any CPU
		{6C06B35A-360B-4BFC-B248-3765CD774963}.Release|Any CPU.ActiveCfg = Release|Any CPU
		{6C06B35A-360B-4BFC-B248-3765CD774963}.Release|Any CPU.Build.0 = Release|Any CPU
	EndGlobalSection
	GlobalSection(SolutionProperties) = preSolution
		HideSolutionNode = FALSE
	EndGlobalSection
	GlobalSection(ExtensibilityGlobals) = postSolution
		SolutionGuid = {A55E064B-40AB-4D72-A37D-F5B135151C12}
	EndGlobalSection
EndGlobal
